
Microsoft Visual Studio Solution File, Format Version 12.00
# Visual Studio Version 17
VisualStudioVersion = 17.10.35013.160
MinimumVisualStudioVersion = 10.0.40219.1
Project("{888888A0-9F3D-457C-B088-3A5042F75D52}") = "NumToWords", "NumToWords.pyproj", "{10543CD2-C491-4816-81CF-3FCD1670299E}"
EndProject
Global
	GlobalSection(SolutionConfigurationPlatforms) = preSolution
		Debug|Any CPU = Debug|Any CPU
		Release|Any CPU = Release|Any CPU
	EndGlobalSection
	GlobalSection(ProjectConfigurationPlatforms) = postSolution
		{10543CD2-C491-4816-81CF-3FCD1670299E}.Debug|Any CPU.ActiveCfg = Debug|Any CPU
		{10543CD2-C491-4816-81CF-3FCD1670299E}.Release|Any CPU.ActiveCfg = Release|Any CPU
	EndGlobalSection
	GlobalSection(SolutionProperties) = preSolution
		HideSolutionNode = FALSE
	EndGlobalSection
	GlobalSection(ExtensibilityGlobals) = postSolution
		SolutionGuid = {875A0DF0-13F7-45C9-AD91-A44E63D795BD}
	EndGlobalSection
EndGlobal
